{
  "name": "market-data-warehouse-alerts",
  "lockfileVersion": 3,
  "requires": true,
  "packages": {
    "": {
      "name": "market-data-warehouse-alerts",
      "dependencies": {
        "nodemailer": "8.0.2"
      },
      "engines": {
        "node": ">=22"
      }
    },
    "node_modules/nodemailer": {
      "version": "8.0.2",
      "resolved": "https://registry.npmjs.org/nodemailer/-/nodemailer-8.0.2.tgz",
      "integrity": "sha512-zbj002pZAIkWQFxyAaqoxvn+zoIwRnS40hgjqTXudKOOJkiFFgBeNqjgD3/YCR12sZnrghWYBY+yP1ZucdDRpw==",
      "license": "MIT-0",
      "engines": {
        "node": ">=6.0.0"
      }
    }
  }
}
